github.com/google/go-cmp v0.5.9 h1:O2Tfq5qg4qc4AmwVlvv0oLiVAGB7enBSJ2x2DqQFi38=
github.com/google/go-cmp v0.5.9/go.mod h1:17dUlkBOakJ0+DkrSSNjCkIjxS6bF9zb3elmeNGIjoY=
github.com/hashicorp/go-set v0.1.7 h1:8ZW2LQpr53UyRDdUF9kcInAV1DbsG8MVWjiSa/oxkUw=
github.com/hashicorp/go-set v0.1.7/go.mod h1:ELvMcE+1mRHYPVgTFSQiecObIwZRxY5Q11EhbtmM5KQ=
github.com/shoenig/go-landlock v0.1.4 h1:E5I0QhMlY/gwmhRPMVLlboJTW2mcMZG7g8NfATF97bY=
github.com/shoenig/go-landlock v0.1.4/go.mod h1:4r9IOhhNbzc9yVANPYUervTsamQCPWC/e5Tg7WgR9Ss=
github.com/shoenig/test v0.6.1 h1:TVIih3yGvaH8Yci2OedB/NAhOC9UlNi5+ajCVyMPflg=
github.com/shoenig/test v0.6.1/go.mod h1:byHiCGXqrVaflBLAMq/srcZIHynQPQgeyvkvXnjqq0k=
golang.org/x/sys v0.3.0 h1:w8ZOecv6NaNa/zC8944JTU3vz4u6Lagfk4RPQxv92NQ=
golang.org/x/sys v0.3.0/go.mod h1:oPkhp1MJrh7nUepCBck5+mAzfO9JrbApNNgaTdGDITg=
kernel.org/pub/linux/libs/security/libcap/psx v1.2.66 h1:ikIhPzfkSSAEwBOU+2DWhoF+xnGUhvlMTfQjBVhvzQY=
kernel.org/pub/linux/libs/security/libcap/psx v1.2.66/go.mod h1:+l6Ee2F59XiJ2I6WR5ObpC1utCQJZ/VLsEbQCD8RG24=
