github.com/google/go-cmp v0.5.8 h1:e6P7q2lk1O+qJJb4BtCQXlK8vWEO8V1ZeuEdJNOqZyg=
github.com/hashicorp/go-set v0.1.6 h1:fj/JG5B97sAOd9OQN4GL880yCE384fz3asNDpGbxkPo=
github.com/hashicorp/go-set v0.1.6/go.mod h1:ELvMcE+1mRHYPVgTFSQiecObIwZRxY5Q11EhbtmM5KQ=
github.com/shoenig/go-landlock v0.1.2 h1:jTLQOa0iuOLWXsACuHdGPV/xxESQRZjg76yPp/sieM8=
github.com/shoenig/go-landlock v0.1.2/go.mod h1:y7C09FIsHOe9nM586kp08p6cLvJFDR0ogvCG/LY/Gjk=
github.com/shoenig/test v0.4.4 h1:juucmjQTPYUfO2+rID1wfQqsreSlk+2I8K/bQFsUZ9c=
golang.org/x/sys v0.1.0 h1:kunALQeHf1/185U1i0GOB/fy1IPRDDpuoOOqRReG57U=
golang.org/x/sys v0.1.0/go.mod h1:oPkhp1MJrh7nUepCBck5+mAzfO9JrbApNNgaTdGDITg=
kernel.org/pub/linux/libs/security/libcap/psx v1.2.66 h1:ikIhPzfkSSAEwBOU+2DWhoF+xnGUhvlMTfQjBVhvzQY=
kernel.org/pub/linux/libs/security/libcap/psx v1.2.66/go.mod h1:+l6Ee2F59XiJ2I6WR5ObpC1utCQJZ/VLsEbQCD8RG24=
